{
  "lockfile_version": "1",
  "packages": {
    "colima@latest": {
      "last_modified": "2024-12-08T19:40:50Z",
      "resolved": "github:NixOS/nixpkgs/dd51f52372a20a93c219e8216fe528a648ffcbf4#colima",
      "source": "devbox-search",
      "version": "0.8.0",
      "systems": {
        "aarch64-darwin": {
          "outputs": [
            {
              "name": "out",
              "path": "/nix/store/7ji9dbjgzs58afwli7231vpkl6fmjpwr-colima-0.8.0",
              "default": true
            }
          ],
          "store_path": "/nix/store/7ji9dbjgzs58afwli7231vpkl6fmjpwr-colima-0.8.0"
        },
        "aarch64-linux": {
          "outputs": [
            {
              "name": "out",
              "path": "/nix/store/84hx0xypx6wy8yimrkiw8d149fjmj7lb-colima-0.8.0",
              "default": true
            }
          ],
          "store_path": "/nix/store/84hx0xypx6wy8yimrkiw8d149fjmj7lb-colima-0.8.0"
        },
        "x86_64-darwin": {
          "outputs": [
            {
              "name": "out",
              "path": "/nix/store/bh5h78z51hf465br9ngpq8yrgq853pmb-colima-0.8.0",
              "default": true
            }
          ],
          "store_path": "/nix/store/bh5h78z51hf465br9ngpq8yrgq853pmb-colima-0.8.0"
        },
        "x86_64-linux": {
          "outputs": [
            {
              "name": "out",
              "path": "/nix/store/48haasdxizrj9zsspspsdwgaa9a4kvmc-colima-0.8.0",
              "default": true
            }
          ],
          "store_path": "/nix/store/48haasdxizrj9zsspspsdwgaa9a4kvmc-colima-0.8.0"
        }
      }
    },
    "docker@latest": {
      "last_modified": "2024-11-28T07:51:56Z",
      "resolved": "github:NixOS/nixpkgs/226216574ada4c3ecefcbbec41f39ce4655f78ef#docker",
      "source": "devbox-search",
      "version": "27.3.1",
      "systems": {
        "aarch64-darwin": {
          "outputs": [
            {
              "name": "out",
              "path": "/nix/store/v69vm56w9v74ncyz5lccvmb8cvpsmq6p-docker-27.3.1",
              "default": true
            }
          ],
          "store_path": "/nix/store/v69vm56w9v74ncyz5lccvmb8cvpsmq6p-docker-27.3.1"
        },
        "aarch64-linux": {
          "outputs": [
            {
              "name": "out",
              "path": "/nix/store/zhr2pv6124qvwn53fzy8048y002k982l-docker-27.3.1",
              "default": true
            }
          ],
          "store_path": "/nix/store/zhr2pv6124qvwn53fzy8048y002k982l-docker-27.3.1"
        },
        "x86_64-darwin": {
          "outputs": [
            {
              "name": "out",
              "path": "/nix/store/gw7f9j1qabxasvhr5vr10a3knlpjhbam-docker-27.3.1",
              "default": true
            }
          ],
          "store_path": "/nix/store/gw7f9j1qabxasvhr5vr10a3knlpjhbam-docker-27.3.1"
        },
        "x86_64-linux": {
          "outputs": [
            {
              "name": "out",
              "path": "/nix/store/26v8l3ss57afic9w3h33igm6bwnggyyc-docker-27.3.1",
              "default": true
            }
          ],
          "store_path": "/nix/store/26v8l3ss57afic9w3h33igm6bwnggyyc-docker-27.3.1"
        }
      }
    }
  }
}
