{
  "lockfile_version": "1",
  "packages": {
    "git@latest": {
      "last_modified": "2026-03-21T07:29:51Z",
      "resolved": "github:NixOS/nixpkgs/09061f748ee21f68a089cd5d91ec1859cd93d0be#git",
      "source": "devbox-search",
      "version": "2.53.0",
      "systems": {
        "aarch64-darwin": {
          "outputs": [
            {
              "name": "out",
              "path": "/nix/store/6qbj40r0s289k5slmy8yna5x2hfz01wg-git-2.53.0",
              "default": true
            },
            {
              "name": "doc",
              "path": "/nix/store/xp9w7bcl4c78268kn82qdayqglj0zdxa-git-2.53.0-doc"
            }
          ],
          "store_path": "/nix/store/6qbj40r0s289k5slmy8yna5x2hfz01wg-git-2.53.0"
        },
        "aarch64-linux": {
          "outputs": [
            {
              "name": "out",
              "path": "/nix/store/0vbb6j0ppx1w8cw28h7w8s2dzla9j3m6-git-2.53.0",
              "default": true
            },
            {
              "name": "debug",
              "path": "/nix/store/gaj4q67pid2pcy9nvh2ysv4728wxj5m4-git-2.53.0-debug"
            },
            {
              "name": "doc",
              "path": "/nix/store/9mrg9g0w2b4cfdppq3n4zvhkvyixvqpx-git-2.53.0-doc"
            }
          ],
          "store_path": "/nix/store/0vbb6j0ppx1w8cw28h7w8s2dzla9j3m6-git-2.53.0"
        },
        "x86_64-darwin": {
          "outputs": [
            {
              "name": "out",
              "path": "/nix/store/2q2hzaclp1rsj65h21lng7wa26vawhnq-git-2.53.0",
              "default": true
            },
            {
              "name": "doc",
              "path": "/nix/store/yi2mi426la2x7rggv0a0ah11s2dangz4-git-2.53.0-doc"
            }
          ],
          "store_path": "/nix/store/2q2hzaclp1rsj65h21lng7wa26vawhnq-git-2.53.0"
        },
        "x86_64-linux": {
          "outputs": [
            {
              "name": "out",
              "path": "/nix/store/7yvcckar1lzhqnr0xx2n19nsdjd4qa4d-git-2.53.0",
              "default": true
            },
            {
              "name": "debug",
              "path": "/nix/store/9xs1n97fsdbgnk8cxbdx3hqlz6fdaynb-git-2.53.0-debug"
            },
            {
              "name": "doc",
              "path": "/nix/store/rv7cz5lz1qmbdnh3zrpv0j0wa5ivaacq-git-2.53.0-doc"
            }
          ],
          "store_path": "/nix/store/7yvcckar1lzhqnr0xx2n19nsdjd4qa4d-git-2.53.0"
        }
      }
    },
    "github:NixOS/nixpkgs/nixpkgs-unstable": {
      "last_modified": "2026-03-16T02:27:38Z",
      "resolved": "github:NixOS/nixpkgs/f8573b9c935cfaa162dd62cc9e75ae2db86f85df?lastModified=1773628058"
    },
    "libyaml@latest": {
      "last_modified": "2026-03-21T07:29:51Z",
      "resolved": "github:NixOS/nixpkgs/09061f748ee21f68a089cd5d91ec1859cd93d0be#libyaml",
      "source": "devbox-search",
      "version": "0.2.5",
      "systems": {
        "aarch64-darwin": {
          "outputs": [
            {
              "name": "out",
              "path": "/nix/store/qqa8q98n3hvb2kqz3xvd0m0j22033wy0-libyaml-0.2.5",
              "default": true
            },
            {
              "name": "dev",
              "path": "/nix/store/00yv9nvsx0vswzzihkkl4qk39lb2p1pc-libyaml-0.2.5-dev"
            }
          ],
          "store_path": "/nix/store/qqa8q98n3hvb2kqz3xvd0m0j22033wy0-libyaml-0.2.5"
        },
        "aarch64-linux": {
          "outputs": [
            {
              "name": "out",
              "path": "/nix/store/m4j56in3n01xw1jk5h1qxj5r8i4x2mfb-libyaml-0.2.5",
              "default": true
            },
            {
              "name": "dev",
              "path": "/nix/store/jyvgsbxnppxyvvgga304iw6xlhi39r17-libyaml-0.2.5-dev"
            }
          ],
          "store_path": "/nix/store/m4j56in3n01xw1jk5h1qxj5r8i4x2mfb-libyaml-0.2.5"
        },
        "x86_64-darwin": {
          "outputs": [
            {
              "name": "out",
              "path": "/nix/store/4djwsl28pfclczbkcrdqxlqrcxyvihik-libyaml-0.2.5",
              "default": true
            },
            {
              "name": "dev",
              "path": "/nix/store/6i8a2m6yj122s9r1nyl8grxizq3av6z6-libyaml-0.2.5-dev"
            }
          ],
          "store_path": "/nix/store/4djwsl28pfclczbkcrdqxlqrcxyvihik-libyaml-0.2.5"
        },
        "x86_64-linux": {
          "outputs": [
            {
              "name": "out",
              "path": "/nix/store/fnhs945sa02bg7gki8a3l8r9r44ylx10-libyaml-0.2.5",
              "default": true
            },
            {
              "name": "dev",
              "path": "/nix/store/v9qn9g4fm4818vx30kl7z423vj1mswml-libyaml-0.2.5-dev"
            }
          ],
          "store_path": "/nix/store/fnhs945sa02bg7gki8a3l8r9r44ylx10-libyaml-0.2.5"
        }
      }
    },
    "ruby@latest": {
      "last_modified": "2026-03-21T07:29:51Z",
      "plugin_version": "0.0.2",
      "resolved": "github:NixOS/nixpkgs/09061f748ee21f68a089cd5d91ec1859cd93d0be#ruby_4_0",
      "source": "devbox-search",
      "version": "4.0.2",
      "systems": {
        "aarch64-darwin": {
          "outputs": [
            {
              "name": "out",
              "path": "/nix/store/k2z3yvjcps70i9kpxnjfpy3c7cxii4bw-ruby-4.0.2",
              "default": true
            },
            {
              "name": "devdoc",
              "path": "/nix/store/szpcmqx1y2m6d08mlg1lnc17rk4z01g5-ruby-4.0.2-devdoc"
            }
          ],
          "store_path": "/nix/store/k2z3yvjcps70i9kpxnjfpy3c7cxii4bw-ruby-4.0.2"
        },
        "aarch64-linux": {
          "outputs": [
            {
              "name": "out",
              "path": "/nix/store/swr736l6wbsqicis75kbfk88qyy705pw-ruby-4.0.2",
              "default": true
            },
            {
              "name": "devdoc",
              "path": "/nix/store/km950xzm11k3rdpaifixj17c174mrm1m-ruby-4.0.2-devdoc"
            }
          ],
          "store_path": "/nix/store/swr736l6wbsqicis75kbfk88qyy705pw-ruby-4.0.2"
        },
        "x86_64-darwin": {
          "outputs": [
            {
              "name": "out",
              "path": "/nix/store/8ia52wahfycfda2j8fhiafqb417c0ng9-ruby-4.0.2",
              "default": true
            },
            {
              "name": "devdoc",
              "path": "/nix/store/q1j2yw4vcyhvbgfmqvp6q9bw4jcr25ry-ruby-4.0.2-devdoc"
            }
          ],
          "store_path": "/nix/store/8ia52wahfycfda2j8fhiafqb417c0ng9-ruby-4.0.2"
        },
        "x86_64-linux": {
          "outputs": [
            {
              "name": "out",
              "path": "/nix/store/sqy4wa0n2br45ml2z402gi59fbx0dsvf-ruby-4.0.2",
              "default": true
            },
            {
              "name": "devdoc",
              "path": "/nix/store/98krb8wsrvlyap94lqb17y501wp4g976-ruby-4.0.2-devdoc"
            }
          ],
          "store_path": "/nix/store/sqy4wa0n2br45ml2z402gi59fbx0dsvf-ruby-4.0.2"
        }
      }
    }
  }
}
